
Microsoft Visual Studio Solution File, Format Version 12.00
# Visual Studio 2012
Project("{FAE04EC0-301F-11D3-BF4B-00C04F79EFBC}") = "gis", "gis\gis.csproj", "{36DFEBD4-2D7A-4D80-947F-B5797F195818}"
EndProject
Global
	GlobalSection(SolutionConfigurationPlatforms) = preSolution
		Debug|Any CPU = Debug|Any CPU
		Release|Any CPU = Release|Any CPU
	EndGlobalSection
	GlobalSection(ProjectConfigurationPlatforms) = postSolution
		{36DFEBD4-2D7A-4D80-947F-B5797F195818}.Debug|Any CPU.ActiveCfg = Debug|Any CPU
		{36DFEBD4-2D7A-4D80-947F-B5797F195818}.Debug|Any CPU.Build.0 = Debug|Any CPU
		{36DFEBD4-2D7A-4D80-947F-B5797F195818}.Release|Any CPU.ActiveCfg = Release|Any CPU
		{36DFEBD4-2D7A-4D80-947F-B5797F195818}.Release|Any CPU.Build.0 = Release|Any CPU
	EndGlobalSection
	GlobalSection(SolutionProperties) = preSolution
		HideSolutionNode = FALSE
	EndGlobalSection
EndGlobal
